// !$*UTF8*$!
{
	archiveVersion = 1;
	classes = {
	};
	objectVersion = 55;
	objects = {

/* Begin PBXBuildFile section */
		0F3BBF3C28C77D43008C41AA /* AppDelegate.swift in Sources */ = {isa = PBXBuildFile; fileRef = 0F3BBF3B28C77D43008C41AA /* AppDelegate.swift */; };
		0F3BBF3E28C77D43008C41AA /* SceneDelegate.swift in Sources */ = {isa = PBXBuildFile; fileRef = 0F3BBF3D28C77D43008C41AA /* SceneDelegate.swift */; };
		0F3BBF4028C77D43008C41AA /* ViewController.swift in Sources */ = {isa = PBXBuildFile; fileRef = 0F3BBF3F28C77D43008C41AA /* ViewController.swift */; };
		0F3BBF4328C77D43008C41AA /* Main.storyboard in Resources */ = {isa = PBXBuildFile; fileRef = 0F3BBF4128C77D43008C41AA /* Main.storyboard */; };
		0F3BBF4528C77D46008C41AA /* Assets.xcassets in Resources */ = {isa = PBXBuildFile; fileRef = 0F3BBF4428C77D46008C41AA /* Assets.xcassets */; };
		0F3BBF4828C77D46008C41AA /* LaunchScreen.storyboard in Resources */ = {isa = PBXBuildFile; fileRef = 0F3BBF4628C77D46008C41AA /* LaunchScreen.storyboard */; };
		0F3BBF5328C77D46008C41AA /* UniTestingTests.swift in Sources */ = {isa = PBXBuildFile; fileRef = 0F3BBF5228C77D46008C41AA /* UniTestingTests.swift */; };
		0F3BBF5D28C77D46008C41AA /* UniTestingUITests.swift in Sources */ = {isa = PBXBuildFile; fileRef = 0F3BBF5C28C77D46008C41AA /* UniTestingUITests.swift */; };
		0F3BBF5F28C77D46008C41AA /* UniTestingUITestsLaunchTests.swift in Sources */ = {isa = PBXBuildFile; fileRef = 0F3BBF5E28C77D46008C41AA /* UniTestingUITestsLaunchTests.swift */; };
		0F3BBF7928C7842D008C41AA /* Cart.swift in Sources */ = {isa = PBXBuildFile; fileRef = 0F3BBF7828C7842D008C41AA /* Cart.swift */; };
		0F3BBF7B28C784A8008C41AA /* CartTests.swift in Sources */ = {isa = PBXBuildFile; fileRef = 0F3BBF7A28C784A8008C41AA /* CartTests.swift */; };
		0F3BBF7D28C789B9008C41AA /* Shop.swift in Sources */ = {isa = PBXBuildFile; fileRef = 0F3BBF7C28C789B9008C41AA /* Shop.swift */; };
		0F3BBF7F28C78A09008C41AA /* Shop.swift in Sources */ = {isa = PBXBuildFile; fileRef = 0F3BBF7E28C78A09008C41AA /* Shop.swift */; };
/* End PBXBuildFile section */

/* Begin PBXContainerItemProxy section */
		0F3BBF4F28C77D46008C41AA /* PBXContainerItemProxy */ = {
			isa = PBXContainerItemProxy;
			containerPortal = 0F3BBF3028C77D43008C41AA /* Project object */;
			proxyType = 1;
			remoteGlobalIDString = 0F3BBF3728C77D43008C41AA;
			remoteInfo = UniTesting;
		};
		0F3BBF5928C77D46008C41AA /* PBXContainerItemProxy */ = {
			isa = PBXContainerItemProxy;
			containerPortal = 0F3BBF3028C77D43008C41AA /* Project object */;
			proxyType = 1;
			remoteGlobalIDString = 0F3BBF3728C77D43008C41AA;
			remoteInfo = UniTesting;
		};
/* End PBXContainerItemProxy section */

/* Begin PBXFileReference section */
		0F3BBF3828C77D43008C41AA /* UniTesting.app */ = {isa = PBXFileReference; explicitFileType = wrapper.application; includeInIndex = 0; path = UniTesting.app; sourceTree = BUILT_PRODUCTS_DIR; };
		0F3BBF3B28C77D43008C41AA /* AppDelegate.swift */ = {isa = PBXFileReference; lastKnownFileType = sourcecode.swift; path = AppDelegate.swift; sourceTree = "<group>"; };
		0F3BBF3D28C77D43008C41AA /* SceneDelegate.swift */ = {isa = PBXFileReference; lastKnownFileType = sourcecode.swift; path = SceneDelegate.swift; sourceTree = "<group>"; };
		0F3BBF3F28C77D43008C41AA /* ViewController.swift */ = {isa = PBXFileReference; lastKnownFileType = sourcecode.swift; path = ViewController.swift; sourceTree = "<group>"; };
		0F3BBF4228C77D43008C41AA /* Base */ = {isa = PBXFileReference; lastKnownFileType = file.storyboard; name = Base; path = Base.lproj/Main.storyboard; sourceTree = "<group>"; };
		0F3BBF4428C77D46008C41AA /* Assets.xcassets */ = {isa = PBXFileReference; lastKnownFileType = folder.assetcatalog; path = Assets.xcassets; sourceTree = "<group>"; };
		0F3BBF4728C77D46008C41AA /* Base */ = {isa = PBXFileReference; lastKnownFileType = file.storyboard; name = Base; path = Base.lproj/LaunchScreen.storyboard; sourceTree = "<group>"; };
		0F3BBF4928C77D46008C41AA /* Info.plist */ = {isa = PBXFileReference; lastKnownFileType = text.plist.xml; path = Info.plist; sourceTree = "<group>"; };
		0F3BBF4E28C77D46008C41AA /* UniTestingTests.xctest */ = {isa = PBXFileReference; explicitFileType = wrapper.cfbundle; includeInIndex = 0; path = UniTestingTests.xctest; sourceTree = BUILT_PRODUCTS_DIR; };
		0F3BBF5228C77D46008C41AA /* UniTestingTests.swift */ = {isa = PBXFileReference; lastKnownFileType = sourcecode.swift; path = UniTestingTests.swift; sourceTree = "<group>"; };
		0F3BBF5828C77D46008C41AA /* UniTestingUITests.xctest */ = {isa = PBXFileReference; explicitFileType = wrapper.cfbundle; includeInIndex = 0; path = UniTestingUITests.xctest; sourceTree = BUILT_PRODUCTS_DIR; };
		0F3BBF5C28C77D46008C41AA /* UniTestingUITests.swift */ = {isa = PBXFileReference; lastKnownFileType = sourcecode.swift; path = UniTestingUITests.swift; sourceTree = "<group>"; };
		0F3BBF5E28C77D46008C41AA /* UniTestingUITestsLaunchTests.swift */ = {isa = PBXFileReference; lastKnownFileType = sourcecode.swift; path = UniTestingUITestsLaunchTests.swift; sourceTree = "<group>"; };
		0F3BBF7828C7842D008C41AA /* Cart.swift */ = {isa = PBXFileReference; lastKnownFileType = sourcecode.swift; path = Cart.swift; sourceTree = "<group>"; };
		0F3BBF7A28C784A8008C41AA /* CartTests.swift */ = {isa = PBXFileReference; lastKnownFileType = sourcecode.swift; path = CartTests.swift; sourceTree = "<group>"; };
		0F3BBF7C28C789B9008C41AA /* Shop.swift */ = {isa = PBXFileReference; lastKnownFileType = sourcecode.swift; path = Shop.swift; sourceTree = "<group>"; };
		0F3BBF7E28C78A09008C41AA /* Shop.swift */ = {isa = PBXFileReference; lastKnownFileType = sourcecode.swift; path = Shop.swift; sourceTree = "<group>"; };
/* End PBXFileReference section */

/* Begin PBXFrameworksBuildPhase section */
		0F3BBF3528C77D43008C41AA /* Frameworks */ = {
			isa = PBXFrameworksBuildPhase;
			buildActionMask = 2147483647;
			files = (
			);
			runOnlyForDeploymentPostprocessing = 0;
		};
		0F3BBF4B28C77D46008C41AA /* Frameworks */ = {
			isa = PBXFrameworksBuildPhase;
			buildActionMask = 2147483647;
			files = (
			);
			runOnlyForDeploymentPostprocessing = 0;
		};
		0F3BBF5528C77D46008C41AA /* Frameworks */ = {
			isa = PBXFrameworksBuildPhase;
			buildActionMask = 2147483647;
			files = (
			);
			runOnlyForDeploymentPostprocessing = 0;
		};
/* End PBXFrameworksBuildPhase section */

/* Begin PBXGroup section */
		0F3BBF2F28C77D43008C41AA = {
			isa = PBXGroup;
			children = (
				0F3BBF3A28C77D43008C41AA /* UniTesting */,
				0F3BBF5128C77D46008C41AA /* UniTestingTests */,
				0F3BBF5B28C77D46008C41AA /* UniTestingUITests */,
				0F3BBF3928C77D43008C41AA /* Products */,
			);
			sourceTree = "<group>";
		};
		0F3BBF3928C77D43008C41AA /* Products */ = {
			isa = PBXGroup;
			children = (
				0F3BBF3828C77D43008C41AA /* UniTesting.app */,
				0F3BBF4E28C77D46008C41AA /* UniTestingTests.xctest */,
				0F3BBF5828C77D46008C41AA /* UniTestingUITests.xctest */,
			);
			name = Products;
			sourceTree = "<group>";
		};
		0F3BBF3A28C77D43008C41AA /* UniTesting */ = {
			isa = PBXGroup;
			children = (
				0F3BBF3B28C77D43008C41AA /* AppDelegate.swift */,
				0F3BBF3D28C77D43008C41AA /* SceneDelegate.swift */,
				0F3BBF3F28C77D43008C41AA /* ViewController.swift */,
				0F3BBF4128C77D43008C41AA /* Main.storyboard */,
				0F3BBF4428C77D46008C41AA /* Assets.xcassets */,
				0F3BBF4628C77D46008C41AA /* LaunchScreen.storyboard */,
				0F3BBF4928C77D46008C41AA /* Info.plist */,
				0F3BBF7828C7842D008C41AA /* Cart.swift */,
				0F3BBF7C28C789B9008C41AA /* Shop.swift */,
			);
			path = UniTesting;
			sourceTree = "<group>";
		};
		0F3BBF5128C77D46008C41AA /* UniTestingTests */ = {
			isa = PBXGroup;
			children = (
				0F3BBF5228C77D46008C41AA /* UniTestingTests.swift */,
				0F3BBF7A28C784A8008C41AA /* CartTests.swift */,
				0F3BBF7E28C78A09008C41AA /* Shop.swift */,
			);
			path = UniTestingTests;
			sourceTree = "<group>";
		};
		0F3BBF5B28C77D46008C41AA /* UniTestingUITests */ = {
			isa = PBXGroup;
			children = (
				0F3BBF5C28C77D46008C41AA /* UniTestingUITests.swift */,
				0F3BBF5E28C77D46008C41AA /* UniTestingUITestsLaunchTests.swift */,
			);
			path = UniTestingUITests;
			sourceTree = "<group>";
		};
/* End PBXGroup section */

/* Begin PBXNativeTarget section */
		0F3BBF3728C77D43008C41AA /* UniTesting */ = {
			isa = PBXNativeTarget;
			buildConfigurationList = 0F3BBF6228C77D46008C41AA /* Build configuration list for PBXNativeTarget "UniTesting" */;
			buildPhases = (
				0F3BBF3428C77D43008C41AA /* Sources */,
				0F3BBF3528C77D43008C41AA /* Frameworks */,
				0F3BBF3628C77D43008C41AA /* Resources */,
			);
			buildRules = (
			);
			dependencies = (
			);
			name = UniTesting;
			productName = UniTesting;
			productReference = 0F3BBF3828C77D43008C41AA /* UniTesting.app */;
			productType = "com.apple.product-type.application";
		};
		0F3BBF4D28C77D46008C41AA /* UniTestingTests */ = {
			isa = PBXNativeTarget;
			buildConfigurationList = 0F3BBF6528C77D46008C41AA /* Build configuration list for PBXNativeTarget "UniTestingTests" */;
			buildPhases = (
				0F3BBF4A28C77D46008C41AA /* Sources */,
				0F3BBF4B28C77D46008C41AA /* Frameworks */,
				0F3BBF4C28C77D46008C41AA /* Resources */,
			);
			buildRules = (
			);
			dependencies = (
				0F3BBF5028C77D46008C41AA /* PBXTargetDependency */,
			);
			name = UniTestingTests;
			productName = UniTestingTests;
			productReference = 0F3BBF4E28C77D46008C41AA /* UniTestingTests.xctest */;
			productType = "com.apple.product-type.bundle.unit-test";
		};
		0F3BBF5728C77D46008C41AA /* UniTestingUITests */ = {
			isa = PBXNativeTarget;
			buildConfigurationList = 0F3BBF6828C77D46008C41AA /* Build configuration list for PBXNativeTarget "UniTestingUITests" */;
			buildPhases = (
				0F3BBF5428C77D46008C41AA /* Sources */,
				0F3BBF5528C77D46008C41AA /* Frameworks */,
				0F3BBF5628C77D46008C41AA /* Resources */,
			);
			buildRules = (
			);
			dependencies = (
				0F3BBF5A28C77D46008C41AA /* PBXTargetDependency */,
			);
			name = UniTestingUITests;
			productName = UniTestingUITests;
			productReference = 0F3BBF5828C77D46008C41AA /* UniTestingUITests.xctest */;
			productType = "com.apple.product-type.bundle.ui-testing";
		};
/* End PBXNativeTarget section */

/* Begin PBXProject section */
		0F3BBF3028C77D43008C41AA /* Project object */ = {
			isa = PBXProject;
			attributes = {
				BuildIndependentTargetsInParallel = 1;
				LastSwiftUpdateCheck = 1340;
				LastUpgradeCheck = 1340;
				TargetAttributes = {
					0F3BBF3728C77D43008C41AA = {
						CreatedOnToolsVersion = 13.4.1;
					};
					0F3BBF4D28C77D46008C41AA = {
						CreatedOnToolsVersion = 13.4.1;
						TestTargetID = 0F3BBF3728C77D43008C41AA;
					};
					0F3BBF5728C77D46008C41AA = {
						CreatedOnToolsVersion = 13.4.1;
						TestTargetID = 0F3BBF3728C77D43008C41AA;
					};
				};
			};
			buildConfigurationList = 0F3BBF3328C77D43008C41AA /* Build configuration list for PBXProject "UniTesting" */;
			compatibilityVersion = "Xcode 13.0";
			developmentRegion = en;
			hasScannedForEncodings = 0;
			knownRegions = (
				en,
				Base,
			);
			mainGroup = 0F3BBF2F28C77D43008C41AA;
			productRefGroup = 0F3BBF3928C77D43008C41AA /* Products */;
			projectDirPath = "";
			projectRoot = "";
			targets = (
				0F3BBF3728C77D43008C41AA /* UniTesting */,
				0F3BBF4D28C77D46008C41AA /* UniTestingTests */,
				0F3BBF5728C77D46008C41AA /* UniTestingUITests */,
			);
		};
/* End PBXProject section */

/* Begin PBXResourcesBuildPhase section */
		0F3BBF3628C77D43008C41AA /* Resources */ = {
			isa = PBXResourcesBuildPhase;
			buildActionMask = 2147483647;
			files = (
				0F3BBF4828C77D46008C41AA /* LaunchScreen.storyboard in Resources */,
				0F3BBF4528C77D46008C41AA /* Assets.xcassets in Resources */,
				0F3BBF4328C77D43008C41AA /* Main.storyboard in Resources */,
			);
			runOnlyForDeploymentPostprocessing = 0;
		};
		0F3BBF4C28C77D46008C41AA /* Resources */ = {
			isa = PBXResourcesBuildPhase;
			buildActionMask = 2147483647;
			files = (
			);
			runOnlyForDeploymentPostprocessing = 0;
		};
		0F3BBF5628C77D46008C41AA /* Resources */ = {
			isa = PBXResourcesBuildPhase;
			buildActionMask = 2147483647;
			files = (
			);
			runOnlyForDeploymentPostprocessing = 0;
		};
/* End PBXResourcesBuildPhase section */

/* Begin PBXSourcesBuildPhase section */
		0F3BBF3428C77D43008C41AA /* Sources */ = {
			isa = PBXSourcesBuildPhase;
			buildActionMask = 2147483647;
			files = (
				0F3BBF4028C77D43008C41AA /* ViewController.swift in Sources */,
				0F3BBF3C28C77D43008C41AA /* AppDelegate.swift in Sources */,
				0F3BBF3E28C77D43008C41AA /* SceneDelegate.swift in Sources */,
				0F3BBF7D28C789B9008C41AA /* Shop.swift in Sources */,
				0F3BBF7928C7842D008C41AA /* Cart.swift in Sources */,
			);
			runOnlyForDeploymentPostprocessing = 0;
		};
		0F3BBF4A28C77D46008C41AA /* Sources */ = {
			isa = PBXSourcesBuildPhase;
			buildActionMask = 2147483647;
			files = (
				0F3BBF7F28C78A09008C41AA /* Shop.swift in Sources */,
				0F3BBF5328C77D46008C41AA /* UniTestingTests.swift in Sources */,
				0F3BBF7B28C784A8008C41AA /* CartTests.swift in Sources */,
			);
			runOnlyForDeploymentPostprocessing = 0;
		};
		0F3BBF5428C77D46008C41AA /* Sources */ = {
			isa = PBXSourcesBuildPhase;
			buildActionMask = 2147483647;
			files = (
				0F3BBF5F28C77D46008C41AA /* UniTestingUITestsLaunchTests.swift in Sources */,
				0F3BBF5D28C77D46008C41AA /* UniTestingUITests.swift in Sources */,
			);
			runOnlyForDeploymentPostprocessing = 0;
		};
/* End PBXSourcesBuildPhase section */

/* Begin PBXTargetDependency section */
		0F3BBF5028C77D46008C41AA /* PBXTargetDependency */ = {
			isa = PBXTargetDependency;
			target = 0F3BBF3728C77D43008C41AA /* UniTesting */;
			targetProxy = 0F3BBF4F28C77D46008C41AA /* PBXContainerItemProxy */;
		};
		0F3BBF5A28C77D46008C41AA /* PBXTargetDependency */ = {
			isa = PBXTargetDependency;
			target = 0F3BBF3728C77D43008C41AA /* UniTesting */;
			targetProxy = 0F3BBF5928C77D46008C41AA /* PBXContainerItemProxy */;
		};
/* End PBXTargetDependency section */

/* Begin PBXVariantGroup section */
		0F3BBF4128C77D43008C41AA /* Main.storyboard */ = {
			isa = PBXVariantGroup;
			children = (
				0F3BBF4228C77D43008C41AA /* Base */,
			);
			name = Main.storyboard;
			sourceTree = "<group>";
		};
		0F3BBF4628C77D46008C41AA /* LaunchScreen.storyboard */ = {
			isa = PBXVariantGroup;
			children = (
				0F3BBF4728C77D46008C41AA /* Base */,
			);
			name = LaunchScreen.storyboard;
			sourceTree = "<group>";
		};
/* End PBXVariantGroup section */

/* Begin XCBuildConfiguration section */
		0F3BBF6028C77D46008C41AA /* Debug */ = {
			isa = XCBuildConfiguration;
			buildSettings = {
				ALWAYS_SEARCH_USER_PATHS = NO;
				CLANG_ANALYZER_NONNULL = YES;
				CLANG_ANALYZER_NUMBER_OBJECT_CONVERSION = YES_AGGRESSIVE;
				CLANG_CXX_LANGUAGE_STANDARD = "gnu++17";
				CLANG_ENABLE_MODULES = YES;
				CLANG_ENABLE_OBJC_ARC = YES;
				CLANG_ENABLE_OBJC_WEAK = YES;
				CLANG_WARN_BLOCK_CAPTURE_AUTORELEASING = YES;
				CLANG_WARN_BOOL_CONVERSION = YES;
				CLANG_WARN_COMMA = YES;
				CLANG_WARN_CONSTANT_CONVERSION = YES;
				CLANG_WARN_DEPRECATED_OBJC_IMPLEMENTATIONS = YES;
				CLANG_WARN_DIRECT_OBJC_ISA_USAGE = YES_ERROR;
				CLANG_WARN_DOCUMENTATION_COMMENTS = YES;
				CLANG_WARN_EMPTY_BODY = YES;
				CLANG_WARN_ENUM_CONVERSION = YES;
				CLANG_WARN_INFINITE_RECURSION = YES;
				CLANG_WARN_INT_CONVERSION = YES;
				CLANG_WARN_NON_LITERAL_NULL_CONVERSION = YES;
				CLANG_WARN_OBJC_IMPLICIT_RETAIN_SELF = YES;
				CLANG_WARN_OBJC_LITERAL_CONVERSION = YES;
				CLANG_WARN_OBJC_ROOT_CLASS = YES_ERROR;
				CLANG_WARN_QUOTED_INCLUDE_IN_FRAMEWORK_HEADER = YES;
				CLANG_WARN_RANGE_LOOP_ANALYSIS = YES;
				CLANG_WARN_STRICT_PROTOTYPES = YES;
				CLANG_WARN_SUSPICIOUS_MOVE = YES;
				CLANG_WARN_UNGUARDED_AVAILABILITY = YES_AGGRESSIVE;
				CLANG_WARN_UNREACHABLE_CODE = YES;
				CLANG_WARN__DUPLICATE_METHOD_MATCH = YES;
				COPY_PHASE_STRIP = NO;
				DEBUG_INFORMATION_FORMAT = dwarf;
				ENABLE_STRICT_OBJC_MSGSEND = YES;
				ENABLE_TESTABILITY = YES;
				GCC_C_LANGUAGE_STANDARD = gnu11;
				GCC_DYNAMIC_NO_PIC = NO;
				GCC_NO_COMMON_BLOCKS = YES;
				GCC_OPTIMIZATION_LEVEL = 0;
				GCC_PREPROCESSOR_DEFINITIONS = (
					"DEBUG=1",
					"$(inherited)",
				);
				GCC_WARN_64_TO_32_BIT_CONVERSION = YES;
				GCC_WARN_ABOUT_RETURN_TYPE = YES_ERROR;
				GCC_WARN_UNDECLARED_SELECTOR = YES;
				GCC_WARN_UNINITIALIZED_AUTOS = YES_AGGRESSIVE;
				GCC_WARN_UNUSED_FUNCTION = YES;
				GCC_WARN_UNUSED_VARIABLE = YES;
				IPHONEOS_DEPLOYMENT_TARGET = 15.5;
				MTL_ENABLE_DEBUG_INFO = INCLUDE_SOURCE;
				MTL_FAST_MATH = YES;
				ONLY_ACTIVE_ARCH = YES;
				SDKROOT = iphoneos;
				SWIFT_ACTIVE_COMPILATION_CONDITIONS = DEBUG;
				SWIFT_OPTIMIZATION_LEVEL = "-Onone";
			};
			name = Debug;
		};
		0F3BBF6128C77D46008C41AA /* Release */ = {
			isa = XCBuildConfiguration;
			buildSettings = {
				ALWAYS_SEARCH_USER_PATHS = NO;
				CLANG_ANALYZER_NONNULL = YES;
				CLANG_ANALYZER_NUMBER_OBJECT_CONVERSION = YES_AGGRESSIVE;
				CLANG_CXX_LANGUAGE_STANDARD = "gnu++17";
				CLANG_ENABLE_MODULES = YES;
				CLANG_ENABLE_OBJC_ARC = YES;
				CLANG_ENABLE_OBJC_WEAK = YES;
				CLANG_WARN_BLOCK_CAPTURE_AUTORELEASING = YES;
				CLANG_WARN_BOOL_CONVERSION = YES;
				CLANG_WARN_COMMA = YES;
				CLANG_WARN_CONSTANT_CONVERSION = YES;
				CLANG_WARN_DEPRECATED_OBJC_IMPLEMENTATIONS = YES;
				CLANG_WARN_DIRECT_OBJC_ISA_USAGE = YES_ERROR;
				CLANG_WARN_DOCUMENTATION_COMMENTS = YES;
				CLANG_WARN_EMPTY_BODY = YES;
				CLANG_WARN_ENUM_CONVERSION = YES;
				CLANG_WARN_INFINITE_RECURSION = YES;
				CLANG_WARN_INT_CONVERSION = YES;
				CLANG_WARN_NON_LITERAL_NULL_CONVERSION = YES;
				CLANG_WARN_OBJC_IMPLICIT_RETAIN_SELF = YES;
				CLANG_WARN_OBJC_LITERAL_CONVERSION = YES;
				CLANG_WARN_OBJC_ROOT_CLASS = YES_ERROR;
				CLANG_WARN_QUOTED_INCLUDE_IN_FRAMEWORK_HEADER = YES;
				CLANG_WARN_RANGE_LOOP_ANALYSIS = YES;
				CLANG_WARN_STRICT_PROTOTYPES = YES;
				CLANG_WARN_SUSPICIOUS_MOVE = YES;
				CLANG_WARN_UNGUARDED_AVAILABILITY = YES_AGGRESSIVE;
				CLANG_WARN_UNREACHABLE_CODE = YES;
				CLANG_WARN__DUPLICATE_METHOD_MATCH = YES;
				COPY_PHASE_STRIP = NO;
				DEBUG_INFORMATION_FORMAT = "dwarf-with-dsym";
				ENABLE_NS_ASSERTIONS = NO;
				ENABLE_STRICT_OBJC_MSGSEND = YES;
				GCC_C_LANGUAGE_STANDARD = gnu11;
				GCC_NO_COMMON_BLOCKS = YES;
				GCC_WARN_64_TO_32_BIT_CONVERSION = YES;
				GCC_WARN_ABOUT_RETURN_TYPE = YES_ERROR;
				GCC_WARN_UNDECLARED_SELECTOR = YES;
				GCC_WARN_UNINITIALIZED_AUTOS = YES_AGGRESSIVE;
				GCC_WARN_UNUSED_FUNCTION = YES;
				GCC_WARN_UNUSED_VARIABLE = YES;
				IPHONEOS_DEPLOYMENT_TARGET = 15.5;
				MTL_ENABLE_DEBUG_INFO = NO;
				MTL_FAST_MATH = YES;
				SDKROOT = iphoneos;
				SWIFT_COMPILATION_MODE = wholemodule;
				SWIFT_OPTIMIZATION_LEVEL = "-O";
				VALIDATE_PRODUCT = YES;
			};
			name = Release;
		};
		0F3BBF6328C77D46008C41AA /* Debug */ = {
			isa = XCBuildConfiguration;
			buildSettings = {
				ASSETCATALOG_COMPILER_APPICON_NAME = AppIcon;
				ASSETCATALOG_COMPILER_GLOBAL_ACCENT_COLOR_NAME = AccentColor;
				CODE_SIGN_STYLE = Automatic;
				CURRENT_PROJECT_VERSION = 1;
				DEVELOPMENT_TEAM = Z8Z49NKMUP;
				GENERATE_INFOPLIST_FILE = YES;
				INFOPLIST_FILE = UniTesting/Info.plist;
				INFOPLIST_KEY_UIApplicationSupportsIndirectInputEvents = YES;
				INFOPLIST_KEY_UILaunchStoryboardName = LaunchScreen;
				INFOPLIST_KEY_UIMainStoryboardFile = Main;
				INFOPLIST_KEY_UISupportedInterfaceOrientations_iPad = "UIInterfaceOrientationPortrait UIInterfaceOrientationPortraitUpsideDown UIInterfaceOrientationLandscapeLeft UIInterfaceOrientationLandscapeRight";
				INFOPLIST_KEY_UISupportedInterfaceOrientations_iPhone = "UIInterfaceOrientationPortrait UIInterfaceOrientationLandscapeLeft UIInterfaceOrientationLandscapeRight";
				LD_RUNPATH_SEARCH_PATHS = (
					"$(inherited)",
					"@executable_path/Frameworks",
				);
				MARKETING_VERSION = 1.0;
				PRODUCT_BUNDLE_IDENTIFIER = com.nievesjesus.UniTesting;
				PRODUCT_NAME = "$(TARGET_NAME)";
				SWIFT_EMIT_LOC_STRINGS = YES;
				SWIFT_VERSION = 5.0;
				TARGETED_DEVICE_FAMILY = "1,2";
			};
			name = Debug;
		};
		0F3BBF6428C77D46008C41AA /* Release */ = {
			isa = XCBuildConfiguration;
			buildSettings = {
				ASSETCATALOG_COMPILER_APPICON_NAME = AppIcon;
				ASSETCATALOG_COMPILER_GLOBAL_ACCENT_COLOR_NAME = AccentColor;
				CODE_SIGN_STYLE = Automatic;
				CURRENT_PROJECT_VERSION = 1;
				DEVELOPMENT_TEAM = Z8Z49NKMUP;
				GENERATE_INFOPLIST_FILE = YES;
				INFOPLIST_FILE = UniTesting/Info.plist;
				INFOPLIST_KEY_UIApplicationSupportsIndirectInputEvents = YES;
				INFOPLIST_KEY_UILaunchStoryboardName = LaunchScreen;
				INFOPLIST_KEY_UIMainStoryboardFile = Main;
				INFOPLIST_KEY_UISupportedInterfaceOrientations_iPad = "UIInterfaceOrientationPortrait UIInterfaceOrientationPortraitUpsideDown UIInterfaceOrientationLandscapeLeft UIInterfaceOrientationLandscapeRight";
				INFOPLIST_KEY_UISupportedInterfaceOrientations_iPhone = "UIInterfaceOrientationPortrait UIInterfaceOrientationLandscapeLeft UIInterfaceOrientationLandscapeRight";
				LD_RUNPATH_SEARCH_PATHS = (
					"$(inherited)",
					"@executable_path/Frameworks",
				);
				MARKETING_VERSION = 1.0;
				PRODUCT_BUNDLE_IDENTIFIER = com.nievesjesus.UniTesting;
				PRODUCT_NAME = "$(TARGET_NAME)";
				SWIFT_EMIT_LOC_STRINGS = YES;
				SWIFT_VERSION = 5.0;
				TARGETED_DEVICE_FAMILY = "1,2";
			};
			name = Release;
		};
		0F3BBF6628C77D46008C41AA /* Debug */ = {
			isa = XCBuildConfiguration;
			buildSettings = {
				ALWAYS_EMBED_SWIFT_STANDARD_LIBRARIES = YES;
				BUNDLE_LOADER = "$(TEST_HOST)";
				CODE_SIGN_STYLE = Automatic;
				CURRENT_PROJECT_VERSION = 1;
				DEVELOPMENT_TEAM = Z8Z49NKMUP;
				GENERATE_INFOPLIST_FILE = YES;
				IPHONEOS_DEPLOYMENT_TARGET = 15.5;
				MARKETING_VERSION = 1.0;
				PRODUCT_BUNDLE_IDENTIFIER = com.nievesjesus.UniTestingTests;
				PRODUCT_NAME = "$(TARGET_NAME)";
				SWIFT_EMIT_LOC_STRINGS = NO;
				SWIFT_VERSION = 5.0;
				TARGETED_DEVICE_FAMILY = "1,2";
				TEST_HOST = "$(BUILT_PRODUCTS_DIR)/UniTesting.app/UniTesting";
			};
			name = Debug;
		};
		0F3BBF6728C77D46008C41AA /* Release */ = {
			isa = XCBuildConfiguration;
			buildSettings = {
				ALWAYS_EMBED_SWIFT_STANDARD_LIBRARIES = YES;
				BUNDLE_LOADER = "$(TEST_HOST)";
				CODE_SIGN_STYLE = Automatic;
				CURRENT_PROJECT_VERSION = 1;
				DEVELOPMENT_TEAM = Z8Z49NKMUP;
				GENERATE_INFOPLIST_FILE = YES;
				IPHONEOS_DEPLOYMENT_TARGET = 15.5;
				MARKETING_VERSION = 1.0;
				PRODUCT_BUNDLE_IDENTIFIER = com.nievesjesus.UniTestingTests;
				PRODUCT_NAME = "$(TARGET_NAME)";
				SWIFT_EMIT_LOC_STRINGS = NO;
				SWIFT_VERSION = 5.0;
				TARGETED_DEVICE_FAMILY = "1,2";
				TEST_HOST = "$(BUILT_PRODUCTS_DIR)/UniTesting.app/UniTesting";
			};
			name = Release;
		};
		0F3BBF6928C77D46008C41AA /* Debug */ = {
			isa = XCBuildConfiguration;
			buildSettings = {
				ALWAYS_EMBED_SWIFT_STANDARD_LIBRARIES = YES;
				CODE_SIGN_STYLE = Automatic;
				CURRENT_PROJECT_VERSION = 1;
				DEVELOPMENT_TEAM = Z8Z49NKMUP;
				GENERATE_INFOPLIST_FILE = YES;
				MARKETING_VERSION = 1.0;
				PRODUCT_BUNDLE_IDENTIFIER = com.nievesjesus.UniTestingUITests;
				PRODUCT_NAME = "$(TARGET_NAME)";
				SWIFT_EMIT_LOC_STRINGS = NO;
				SWIFT_VERSION = 5.0;
				TARGETED_DEVICE_FAMILY = "1,2";
				TEST_TARGET_NAME = UniTesting;
			};
			name = Debug;
		};
		0F3BBF6A28C77D46008C41AA /* Release */ = {
			isa = XCBuildConfiguration;
			buildSettings = {
				ALWAYS_EMBED_SWIFT_STANDARD_LIBRARIES = YES;
				CODE_SIGN_STYLE = Automatic;
				CURRENT_PROJECT_VERSION = 1;
				DEVELOPMENT_TEAM = Z8Z49NKMUP;
				GENERATE_INFOPLIST_FILE = YES;
				MARKETING_VERSION = 1.0;
				PRODUCT_BUNDLE_IDENTIFIER = com.nievesjesus.UniTestingUITests;
				PRODUCT_NAME = "$(TARGET_NAME)";
				SWIFT_EMIT_LOC_STRINGS = NO;
				SWIFT_VERSION = 5.0;
				TARGETED_DEVICE_FAMILY = "1,2";
				TEST_TARGET_NAME = UniTesting;
			};
			name = Release;
		};
/* End XCBuildConfiguration section */

/* Begin XCConfigurationList section */
		0F3BBF3328C77D43008C41AA /* Build configuration list for PBXProject "UniTesting" */ = {
			isa = XCConfigurationList;
			buildConfigurations = (
				0F3BBF6028C77D46008C41AA /* Debug */,
				0F3BBF6128C77D46008C41AA /* Release */,
			);
			defaultConfigurationIsVisible = 0;
			defaultConfigurationName = Release;
		};
		0F3BBF6228C77D46008C41AA /* Build configuration list for PBXNativeTarget "UniTesting" */ = {
			isa = XCConfigurationList;
			buildConfigurations = (
				0F3BBF6328C77D46008C41AA /* Debug */,
				0F3BBF6428C77D46008C41AA /* Release */,
			);
			defaultConfigurationIsVisible = 0;
			defaultConfigurationName = Release;
		};
		0F3BBF6528C77D46008C41AA /* Build configuration list for PBXNativeTarget "UniTestingTests" */ = {
			isa = XCConfigurationList;
			buildConfigurations = (
				0F3BBF6628C77D46008C41AA /* Debug */,
				0F3BBF6728C77D46008C41AA /* Release */,
			);
			defaultConfigurationIsVisible = 0;
			defaultConfigurationName = Release;
		};
		0F3BBF6828C77D46008C41AA /* Build configuration list for PBXNativeTarget "UniTestingUITests" */ = {
			isa = XCConfigurationList;
			buildConfigurations = (
				0F3BBF6928C77D46008C41AA /* Debug */,
				0F3BBF6A28C77D46008C41AA /* Release */,
			);
			defaultConfigurationIsVisible = 0;
			defaultConfigurationName = Release;
		};
/* End XCConfigurationList section */
	};
	rootObject = 0F3BBF3028C77D43008C41AA /* Project object */;
}
